
Microsoft Visual Studio Solution File, Format Version 12.00
# Visual Studio Version 17
VisualStudioVersion = 17.9.34622.214
MinimumVisualStudioVersion = 10.0.40219.1
Project("{8BC9CEB8-8B4A-11D0-8D11-00A0C91BC942}") = "Program", "Program.vcxproj", "{98C59550-FEB3-46D7-9EF2-E3765E7765C0}"
EndProject
Project("{8BC9CEB8-8B4A-11D0-8D11-00A0C91BC942}") = "Class1th (Stream)", "..\Class1th (Stream)\Class1th (Stream).vcxproj", "{0438BC7C-D3EE-4DD9-A964-DC2135E1BA05}"
EndProject
Project("{8BC9CEB8-8B4A-11D0-8D11-00A0C91BC942}") = "Class2th (Class)", "..\Class2th (Class)\Class2th (Class).vcxproj", "{63DAA401-7917-47CD-9EB0-7589F158588F}"
EndProject
Project("{8BC9CEB8-8B4A-11D0-8D11-00A0C91BC942}") = "Class3th (Constructor & Destructor)", "..\Class3th (Constructor & Destructor)\Class3th (Constructor & Destructor).vcxproj", "{784F59B7-6584-4961-A8BA-5BFAEEF0B161}"
EndProject
Project("{8BC9CEB8-8B4A-11D0-8D11-00A0C91BC942}") = "Class4th (Shallow Copy & Deep Copy)", "..\Class4th (Shallow Copy & Deep Copy)\Class4th (Shallow Copy & Deep Copy).vcxproj", "{92D68D1B-42AA-479E-B004-AA3BB2D3A1FD}"
EndProject
Project("{8BC9CEB8-8B4A-11D0-8D11-00A0C91BC942}") = "Class5th (Inheritance)", "..\Class5th (Inheritance)\Class5th (Inheritance).vcxproj", "{AD215CE2-FD73-4FE5-BB8B-05E81D4FAE86}"
EndProject
Project("{8BC9CEB8-8B4A-11D0-8D11-00A0C91BC942}") = "Class6th (Polymorphism)", "..\Class6th (Polymorphism)\Class6th (Polymorphism).vcxproj", "{E3C1B645-3E58-42DF-8C47-B6591C24C4B6}"
EndProject
Project("{8BC9CEB8-8B4A-11D0-8D11-00A0C91BC942}") = "Class7th (Virtual Function)", "..\Class7th (Virtual Function)\Class7th (Virtual Function).vcxproj", "{332B93B2-664C-4052-B7D5-EC79F300289A}"
EndProject
Global
	GlobalSection(SolutionConfigurationPlatforms) = preSolution
		Debug|x64 = Debug|x64
		Debug|x86 = Debug|x86
		Release|x64 = Release|x64
		Release|x86 = Release|x86
	EndGlobalSection
	GlobalSection(ProjectConfigurationPlatforms) = postSolution
		{98C59550-FEB3-46D7-9EF2-E3765E7765C0}.Debug|x64.ActiveCfg = Debug|x64
		{98C59550-FEB3-46D7-9EF2-E3765E7765C0}.Debug|x64.Build.0 = Debug|x64
		{98C59550-FEB3-46D7-9EF2-E3765E7765C0}.Debug|x86.ActiveCfg = Debug|Win32
		{98C59550-FEB3-46D7-9EF2-E3765E7765C0}.Debug|x86.Build.0 = Debug|Win32
		{98C59550-FEB3-46D7-9EF2-E3765E7765C0}.Release|x64.ActiveCfg = Release|x64
		{98C59550-FEB3-46D7-9EF2-E3765E7765C0}.Release|x64.Build.0 = Release|x64
		{98C59550-FEB3-46D7-9EF2-E3765E7765C0}.Release|x86.ActiveCfg = Release|Win32
		{98C59550-FEB3-46D7-9EF2-E3765E7765C0}.Release|x86.Build.0 = Release|Win32
		{0438BC7C-D3EE-4DD9-A964-DC2135E1BA05}.Debug|x64.ActiveCfg = Debug|x64
		{0438BC7C-D3EE-4DD9-A964-DC2135E1BA05}.Debug|x64.Build.0 = Debug|x64
		{0438BC7C-D3EE-4DD9-A964-DC2135E1BA05}.Debug|x86.ActiveCfg = Debug|Win32
		{0438BC7C-D3EE-4DD9-A964-DC2135E1BA05}.Debug|x86.Build.0 = Debug|Win32
		{0438BC7C-D3EE-4DD9-A964-DC2135E1BA05}.Release|x64.ActiveCfg = Release|x64
		{0438BC7C-D3EE-4DD9-A964-DC2135E1BA05}.Release|x64.Build.0 = Release|x64
		{0438BC7C-D3EE-4DD9-A964-DC2135E1BA05}.Release|x86.ActiveCfg = Release|Win32
		{0438BC7C-D3EE-4DD9-A964-DC2135E1BA05}.Release|x86.Build.0 = Release|Win32
		{63DAA401-7917-47CD-9EB0-7589F158588F}.Debug|x64.ActiveCfg = Debug|x64
		{63DAA401-7917-47CD-9EB0-7589F158588F}.Debug|x64.Build.0 = Debug|x64
		{63DAA401-7917-47CD-9EB0-7589F158588F}.Debug|x86.ActiveCfg = Debug|Win32
		{63DAA401-7917-47CD-9EB0-7589F158588F}.Debug|x86.Build.0 = Debug|Win32
		{63DAA401-7917-47CD-9EB0-7589F158588F}.Release|x64.ActiveCfg = Release|x64
		{63DAA401-7917-47CD-9EB0-7589F158588F}.Release|x64.Build.0 = Release|x64
		{63DAA401-7917-47CD-9EB0-7589F158588F}.Release|x86.ActiveCfg = Release|Win32
		{63DAA401-7917-47CD-9EB0-7589F158588F}.Release|x86.Build.0 = Release|Win32
		{784F59B7-6584-4961-A8BA-5BFAEEF0B161}.Debug|x64.ActiveCfg = Debug|x64
		{784F59B7-6584-4961-A8BA-5BFAEEF0B161}.Debug|x64.Build.0 = Debug|x64
		{784F59B7-6584-4961-A8BA-5BFAEEF0B161}.Debug|x86.ActiveCfg = Debug|Win32
		{784F59B7-6584-4961-A8BA-5BFAEEF0B161}.Debug|x86.Build.0 = Debug|Win32
		{784F59B7-6584-4961-A8BA-5BFAEEF0B161}.Release|x64.ActiveCfg = Release|x64
		{784F59B7-6584-4961-A8BA-5BFAEEF0B161}.Release|x64.Build.0 = Release|x64
		{784F59B7-6584-4961-A8BA-5BFAEEF0B161}.Release|x86.ActiveCfg = Release|Win32
		{784F59B7-6584-4961-A8BA-5BFAEEF0B161}.Release|x86.Build.0 = Release|Win32
		{92D68D1B-42AA-479E-B004-AA3BB2D3A1FD}.Debug|x64.ActiveCfg = Debug|x64
		{92D68D1B-42AA-479E-B004-AA3BB2D3A1FD}.Debug|x64.Build.0 = Debug|x64
		{92D68D1B-42AA-479E-B004-AA3BB2D3A1FD}.Debug|x86.ActiveCfg = Debug|Win32
		{92D68D1B-42AA-479E-B004-AA3BB2D3A1FD}.Debug|x86.Build.0 = Debug|Win32
		{92D68D1B-42AA-479E-B004-AA3BB2D3A1FD}.Release|x64.ActiveCfg = Release|x64
		{92D68D1B-42AA-479E-B004-AA3BB2D3A1FD}.Release|x64.Build.0 = Release|x64
		{92D68D1B-42AA-479E-B004-AA3BB2D3A1FD}.Release|x86.ActiveCfg = Release|Win32
		{92D68D1B-42AA-479E-B004-AA3BB2D3A1FD}.Release|x86.Build.0 = Release|Win32
		{AD215CE2-FD73-4FE5-BB8B-05E81D4FAE86}.Debug|x64.ActiveCfg = Debug|x64
		{AD215CE2-FD73-4FE5-BB8B-05E81D4FAE86}.Debug|x64.Build.0 = Debug|x64
		{AD215CE2-FD73-4FE5-BB8B-05E81D4FAE86}.Debug|x86.ActiveCfg = Debug|Win32
		{AD215CE2-FD73-4FE5-BB8B-05E81D4FAE86}.Debug|x86.Build.0 = Debug|Win32
		{AD215CE2-FD73-4FE5-BB8B-05E81D4FAE86}.Release|x64.ActiveCfg = Release|x64
		{AD215CE2-FD73-4FE5-BB8B-05E81D4FAE86}.Release|x64.Build.0 = Release|x64
		{AD215CE2-FD73-4FE5-BB8B-05E81D4FAE86}.Release|x86.ActiveCfg = Release|Win32
		{AD215CE2-FD73-4FE5-BB8B-05E81D4FAE86}.Release|x86.Build.0 = Release|Win32
		{E3C1B645-3E58-42DF-8C47-B6591C24C4B6}.Debug|x64.ActiveCfg = Debug|x64
		{E3C1B645-3E58-42DF-8C47-B6591C24C4B6}.Debug|x64.Build.0 = Debug|x64
		{E3C1B645-3E58-42DF-8C47-B6591C24C4B6}.Debug|x86.ActiveCfg = Debug|Win32
		{E3C1B645-3E58-42DF-8C47-B6591C24C4B6}.Debug|x86.Build.0 = Debug|Win32
		{E3C1B645-3E58-42DF-8C47-B6591C24C4B6}.Release|x64.ActiveCfg = Release|x64
		{E3C1B645-3E58-42DF-8C47-B6591C24C4B6}.Release|x64.Build.0 = Release|x64
		{E3C1B645-3E58-42DF-8C47-B6591C24C4B6}.Release|x86.ActiveCfg = Release|Win32
		{E3C1B645-3E58-42DF-8C47-B6591C24C4B6}.Release|x86.Build.0 = Release|Win32
		{332B93B2-664C-4052-B7D5-EC79F300289A}.Debug|x64.ActiveCfg = Debug|x64
		{332B93B2-664C-4052-B7D5-EC79F300289A}.Debug|x64.Build.0 = Debug|x64
		{332B93B2-664C-4052-B7D5-EC79F300289A}.Debug|x86.ActiveCfg = Debug|Win32
		{332B93B2-664C-4052-B7D5-EC79F300289A}.Debug|x86.Build.0 = Debug|Win32
		{332B93B2-664C-4052-B7D5-EC79F300289A}.Release|x64.ActiveCfg = Release|x64
		{332B93B2-664C-4052-B7D5-EC79F300289A}.Release|x64.Build.0 = Release|x64
		{332B93B2-664C-4052-B7D5-EC79F300289A}.Release|x86.ActiveCfg = Release|Win32
		{332B93B2-664C-4052-B7D5-EC79F300289A}.Release|x86.Build.0 = Release|Win32
	EndGlobalSection
	GlobalSection(SolutionProperties) = preSolution
		HideSolutionNode = FALSE
	EndGlobalSection
	GlobalSection(ExtensibilityGlobals) = postSolution
		SolutionGuid = {601B018A-0B34-43D0-A198-83EFBBA3D53A}
	EndGlobalSection
EndGlobal
